
Microsoft Visual Studio Solution File, Format Version 12.00
# Visual Studio Version 17
VisualStudioVersion = 17.6.33815.320
MinimumVisualStudioVersion = 10.0.40219.1
Project("{FAE04EC0-301F-11D3-BF4B-00C04F79EFBC}") = "UserFeedback", "UserFeedback\UserFeedback.csproj", "{7829FF5B-0C05-4B0C-B95A-A4E699B8C9ED}"
EndProject
Global
	GlobalSection(SolutionConfigurationPlatforms) = preSolution
		Debug|Any CPU = Debug|Any CPU
		Release|Any CPU = Release|Any CPU
	EndGlobalSection
	GlobalSection(ProjectConfigurationPlatforms) = postSolution
		{7829FF5B-0C05-4B0C-B95A-A4E699B8C9ED}.Debug|Any CPU.ActiveCfg = Debug|Any CPU
		{7829FF5B-0C05-4B0C-B95A-A4E699B8C9ED}.Debug|Any CPU.Build.0 = Debug|Any CPU
		{7829FF5B-0C05-4B0C-B95A-A4E699B8C9ED}.Release|Any CPU.ActiveCfg = Release|Any CPU
		{7829FF5B-0C05-4B0C-B95A-A4E699B8C9ED}.Release|Any CPU.Build.0 = Release|Any CPU
	EndGlobalSection
	GlobalSection(SolutionProperties) = preSolution
		HideSolutionNode = FALSE
	EndGlobalSection
	GlobalSection(ExtensibilityGlobals) = postSolution
		SolutionGuid = {FA64EB32-1AF3-4047-871E-5F3FB474B979}
	EndGlobalSection
EndGlobal
